Microsoft Visual Studio Solution File, Format Version 12.00
# Visual Studio Version 17
VisualStudioVersion = 17.5.2.0
MinimumVisualStudioVersion = 10.0.40219.1
Project("{FAE04EC0-301F-11D3-BF4B-00C04F79EFBC}") = "hotelmanagementsystem", "hotelmanagementsystem\hotelmanagementsystem.csproj", "{402DCD74-B954-4699-80EA-D224CBA109C0}"
EndProject
Global
	GlobalSection(SolutionConfigurationPlatforms) = preSolution
		Debug|Any CPU = Debug|Any CPU
		Release|Any CPU = Release|Any CPU
	EndGlobalSection
	GlobalSection(ProjectConfigurationPlatforms) = postSolution
		{402DCD74-B954-4699-80EA-D224CBA109C0}.Debug|Any CPU.ActiveCfg = Debug|Any CPU
		{402DCD74-B954-4699-80EA-D224CBA109C0}.Debug|Any CPU.Build.0 = Debug|Any CPU
		{402DCD74-B954-4699-80EA-D224CBA109C0}.Release|Any CPU.ActiveCfg = Release|Any CPU
		{402DCD74-B954-4699-80EA-D224CBA109C0}.Release|Any CPU.Build.0 = Release|Any CPU
	EndGlobalSection
	GlobalSection(SolutionProperties) = preSolution
		HideSolutionNode = FALSE
	EndGlobalSection
	GlobalSection(ExtensibilityGlobals) = postSolution
		SolutionGuid = {13DAD80F-FC9A-4CE1-82B6-C09AE4B07148}
	EndGlobalSection
EndGlobal
